
Microsoft Visual Studio Solution File, Format Version 12.00
# Visual Studio Version 16
VisualStudioVersion = 16.0.31105.61
MinimumVisualStudioVersion = 10.0.40219.1
Project("{FAE04EC0-301F-11D3-BF4B-00C04F79EFBC}") = "RespecWrath", "RespecWrath.csproj", "{15262C6C-1B31-40E5-ACFA-99C890D06391}"
EndProject
Global
	GlobalSection(SolutionConfigurationPlatforms) = preSolution
		Debug|Any CPU = Debug|Any CPU
		Release|Any CPU = Release|Any CPU
	EndGlobalSection
	GlobalSection(ProjectConfigurationPlatforms) = postSolution
		{15262C6C-1B31-40E5-ACFA-99C890D06391}.Debug|Any CPU.ActiveCfg = Debug|Any CPU
		{15262C6C-1B31-40E5-ACFA-99C890D06391}.Debug|Any CPU.Build.0 = Debug|Any CPU
		{15262C6C-1B31-40E5-ACFA-99C890D06391}.Release|Any CPU.ActiveCfg = Release|Any CPU
		{15262C6C-1B31-40E5-ACFA-99C890D06391}.Release|Any CPU.Build.0 = Release|Any CPU
	EndGlobalSection
	GlobalSection(SolutionProperties) = preSolution
		HideSolutionNode = FALSE
	EndGlobalSection
	GlobalSection(ExtensibilityGlobals) = postSolution
		SolutionGuid = {91FE03B3-E0E0-4BA5-8AF0-2ED8C1D25EC0}
	EndGlobalSection
EndGlobal
